
Microsoft Visual Studio Solution File, Format Version 12.00
# Visual Studio Version 16
VisualStudioVersion = 16.0.30330.147
MinimumVisualStudioVersion = 10.0.40219.1
Project("{9A19103F-16F7-4668-BE54-9A1E7A4F7556}") = "PortfolioSite", "PortfolioSite\PortfolioSite.csproj", "{D101B603-EFDA-40BC-A2AF-21DADDF5F4BA}"
EndProject
Project("{9A19103F-16F7-4668-BE54-9A1E7A4F7556}") = "Miniblog.Core", "..\..\MiniBlog.Core31\Miniblog.Core-master\src\Miniblog.Core.csproj", "{D2F2AC34-1BEE-4F7D-99A8-FB78812CCA13}"
EndProject
Global
	GlobalSection(SolutionConfigurationPlatforms) = preSolution
		Debug|Any CPU = Debug|Any CPU
		Release|Any CPU = Release|Any CPU
	EndGlobalSection
	GlobalSection(ProjectConfigurationPlatforms) = postSolution
		{D101B603-EFDA-40BC-A2AF-21DADDF5F4BA}.Debug|Any CPU.ActiveCfg = Debug|Any CPU
		{D101B603-EFDA-40BC-A2AF-21DADDF5F4BA}.Debug|Any CPU.Build.0 = Debug|Any CPU
		{D101B603-EFDA-40BC-A2AF-21DADDF5F4BA}.Release|Any CPU.ActiveCfg = Release|Any CPU
		{D101B603-EFDA-40BC-A2AF-21DADDF5F4BA}.Release|Any CPU.Build.0 = Release|Any CPU
		{D2F2AC34-1BEE-4F7D-99A8-FB78812CCA13}.Debug|Any CPU.ActiveCfg = Debug|Any CPU
		{D2F2AC34-1BEE-4F7D-99A8-FB78812CCA13}.Debug|Any CPU.Build.0 = Debug|Any CPU
		{D2F2AC34-1BEE-4F7D-99A8-FB78812CCA13}.Release|Any CPU.ActiveCfg = Release|Any CPU
		{D2F2AC34-1BEE-4F7D-99A8-FB78812CCA13}.Release|Any CPU.Build.0 = Release|Any CPU
	EndGlobalSection
	GlobalSection(SolutionProperties) = preSolution
		HideSolutionNode = FALSE
	EndGlobalSection
	GlobalSection(ExtensibilityGlobals) = postSolution
		SolutionGuid = {86EE27F2-B78F-41B5-9997-5F588B9018BB}
	EndGlobalSection
EndGlobal
